
Microsoft Visual Studio Solution File, Format Version 12.00
# Visual Studio Version 17
VisualStudioVersion = 17.0.31912.275
MinimumVisualStudioVersion = 10.0.40219.1
Project("{FAE04EC0-301F-11D3-BF4B-00C04F79EFBC}") = "Coursework. Sparse matrices", "Coursework. Sparse matrices\Coursework. Sparse matrices.csproj", "{314BCD43-208A-4DC1-9EDB-E62B0B572B8C}"
EndProject
Project("{2150E333-8FDC-42A3-9474-1A3956D46DE8}") = "Solution Items", "Solution Items", "{2015B605-E488-4CB6-97F4-19A45EAFC2ED}"
	ProjectSection(SolutionItems) = preProject
		.editorconfig = .editorconfig
	EndProjectSection
EndProject
Global
	GlobalSection(SolutionConfigurationPlatforms) = preSolution
		Debug|Any CPU = Debug|Any CPU
		Release|Any CPU = Release|Any CPU
	EndGlobalSection
	GlobalSection(ProjectConfigurationPlatforms) = postSolution
		{314BCD43-208A-4DC1-9EDB-E62B0B572B8C}.Debug|Any CPU.ActiveCfg = Debug|Any CPU
		{314BCD43-208A-4DC1-9EDB-E62B0B572B8C}.Debug|Any CPU.Build.0 = Debug|Any CPU
		{314BCD43-208A-4DC1-9EDB-E62B0B572B8C}.Release|Any CPU.ActiveCfg = Release|Any CPU
		{314BCD43-208A-4DC1-9EDB-E62B0B572B8C}.Release|Any CPU.Build.0 = Release|Any CPU
	EndGlobalSection
	GlobalSection(SolutionProperties) = preSolution
		HideSolutionNode = FALSE
	EndGlobalSection
	GlobalSection(ExtensibilityGlobals) = postSolution
		SolutionGuid = {EE9DC74F-838A-434D-B7BD-DE4F890CB402}
	EndGlobalSection
EndGlobal
